
Microsoft Visual Studio Solution File, Format Version 12.00
# Visual Studio Version 17
VisualStudioVersion = 17.4.33213.308
MinimumVisualStudioVersion = 10.0.40219.1
Project("{FAE04EC0-301F-11D3-BF4B-00C04F79EFBC}") = "BookStoreApp.API", "BookStoreApp.API\BookStoreApp.API.csproj", "{CCED8C13-4D2E-4485-952F-29370002BF5E}"
EndProject
Global
	GlobalSection(SolutionConfigurationPlatforms) = preSolution
		Debug|Any CPU = Debug|Any CPU
		Release|Any CPU = Release|Any CPU
	EndGlobalSection
	GlobalSection(ProjectConfigurationPlatforms) = postSolution
		{CCED8C13-4D2E-4485-952F-29370002BF5E}.Debug|Any CPU.ActiveCfg = Debug|Any CPU
		{CCED8C13-4D2E-4485-952F-29370002BF5E}.Debug|Any CPU.Build.0 = Debug|Any CPU
		{CCED8C13-4D2E-4485-952F-29370002BF5E}.Release|Any CPU.ActiveCfg = Release|Any CPU
		{CCED8C13-4D2E-4485-952F-29370002BF5E}.Release|Any CPU.Build.0 = Release|Any CPU
	EndGlobalSection
	GlobalSection(SolutionProperties) = preSolution
		HideSolutionNode = FALSE
	EndGlobalSection
	GlobalSection(ExtensibilityGlobals) = postSolution
		SolutionGuid = {22CEF82C-D2A7-48DB-A062-47AEA0934F15}
	EndGlobalSection
EndGlobal
